
Microsoft Visual Studio Solution File, Format Version 12.00
# Visual Studio 15
VisualStudioVersion = 15.0.28307.168
MinimumVisualStudioVersion = 10.0.40219.1
Project("{6EC3EE1D-3C4E-46DD-8F32-0CC8E7565705}") = "DeviantArtFs", "DeviantArtFs\DeviantArtFs.fsproj", "{32448E41-C600-46D2-98C4-F9DDB4118691}"
EndProject
Project("{FAE04EC0-301F-11D3-BF4B-00C04F79EFBC}") = "DeviantArtFs.WinForms", "DeviantArtFs.WinForms\DeviantArtFs.WinForms.csproj", "{9A66E829-3D74-4AE9-A200-21B5C9F170B6}"
EndProject
Project("{2150E333-8FDC-42A3-9474-1A3956D46DE8}") = "Solution Items", "Solution Items", "{C6199353-1198-47B7-ABF7-625A5B939F45}"
	ProjectSection(SolutionItems) = preProject
		ENDPOINTS.md = ENDPOINTS.md
		LICENSE.txt = LICENSE.txt
		README.md = README.md
	EndProjectSection
EndProject
Project("{F2A71F9B-5D33-465A-A702-920D77279786}") = "DeviantArtFs.Examples.GalleryInfo", "DeviantArtFs.Examples.GalleryInfo\DeviantArtFs.Examples.GalleryInfo.fsproj", "{7B4B5218-A33D-4453-B165-E8D1E40F07ED}"
EndProject
Project("{F184B08F-C81C-45F6-A57F-5ABD9991F28F}") = "DeviantArtFs.Examples.StashTree", "DeviantArtFs.Examples.StashTree\DeviantArtFs.Examples.StashTree.vbproj", "{957EC5C5-6219-4F99-910D-7FBD08ADAE08}"
EndProject
Project("{6EC3EE1D-3C4E-46DD-8F32-0CC8E7565705}") = "DeviantArtFs.Stash.Marshal", "DeviantArtFs.Stash.Marshal\DeviantArtFs.Stash.Marshal.fsproj", "{933C59ED-2C09-4FF2-8EB8-C6385EC93CBE}"
EndProject
Project("{9A19103F-16F7-4668-BE54-9A1E7A4F7556}") = "DocGenerator", "DocGenerator\DocGenerator.csproj", "{0D8EB9C5-AA74-417B-B405-48107688011D}"
EndProject
Global
	GlobalSection(SolutionConfigurationPlatforms) = preSolution
		Debug|Any CPU = Debug|Any CPU
		Release|Any CPU = Release|Any CPU
	EndGlobalSection
	GlobalSection(ProjectConfigurationPlatforms) = postSolution
		{32448E41-C600-46D2-98C4-F9DDB4118691}.Debug|Any CPU.ActiveCfg = Debug|Any CPU
		{32448E41-C600-46D2-98C4-F9DDB4118691}.Debug|Any CPU.Build.0 = Debug|Any CPU
		{32448E41-C600-46D2-98C4-F9DDB4118691}.Release|Any CPU.ActiveCfg = Release|Any CPU
		{32448E41-C600-46D2-98C4-F9DDB4118691}.Release|Any CPU.Build.0 = Release|Any CPU
		{9A66E829-3D74-4AE9-A200-21B5C9F170B6}.Debug|Any CPU.ActiveCfg = Debug|Any CPU
		{9A66E829-3D74-4AE9-A200-21B5C9F170B6}.Debug|Any CPU.Build.0 = Debug|Any CPU
		{9A66E829-3D74-4AE9-A200-21B5C9F170B6}.Release|Any CPU.ActiveCfg = Release|Any CPU
		{9A66E829-3D74-4AE9-A200-21B5C9F170B6}.Release|Any CPU.Build.0 = Release|Any CPU
		{7B4B5218-A33D-4453-B165-E8D1E40F07ED}.Debug|Any CPU.ActiveCfg = Debug|Any CPU
		{7B4B5218-A33D-4453-B165-E8D1E40F07ED}.Debug|Any CPU.Build.0 = Debug|Any CPU
		{7B4B5218-A33D-4453-B165-E8D1E40F07ED}.Release|Any CPU.ActiveCfg = Release|Any CPU
		{7B4B5218-A33D-4453-B165-E8D1E40F07ED}.Release|Any CPU.Build.0 = Release|Any CPU
		{957EC5C5-6219-4F99-910D-7FBD08ADAE08}.Debug|Any CPU.ActiveCfg = Debug|Any CPU
		{957EC5C5-6219-4F99-910D-7FBD08ADAE08}.Debug|Any CPU.Build.0 = Debug|Any CPU
		{957EC5C5-6219-4F99-910D-7FBD08ADAE08}.Release|Any CPU.ActiveCfg = Release|Any CPU
		{957EC5C5-6219-4F99-910D-7FBD08ADAE08}.Release|Any CPU.Build.0 = Release|Any CPU
		{933C59ED-2C09-4FF2-8EB8-C6385EC93CBE}.Debug|Any CPU.ActiveCfg = Debug|Any CPU
		{933C59ED-2C09-4FF2-8EB8-C6385EC93CBE}.Debug|Any CPU.Build.0 = Debug|Any CPU
		{933C59ED-2C09-4FF2-8EB8-C6385EC93CBE}.Release|Any CPU.ActiveCfg = Release|Any CPU
		{933C59ED-2C09-4FF2-8EB8-C6385EC93CBE}.Release|Any CPU.Build.0 = Release|Any CPU
		{0D8EB9C5-AA74-417B-B405-48107688011D}.Debug|Any CPU.ActiveCfg = Debug|Any CPU
		{0D8EB9C5-AA74-417B-B405-48107688011D}.Debug|Any CPU.Build.0 = Debug|Any CPU
		{0D8EB9C5-AA74-417B-B405-48107688011D}.Release|Any CPU.ActiveCfg = Release|Any CPU
		{0D8EB9C5-AA74-417B-B405-48107688011D}.Release|Any CPU.Build.0 = Release|Any CPU
	EndGlobalSection
	GlobalSection(SolutionProperties) = preSolution
		HideSolutionNode = FALSE
	EndGlobalSection
	GlobalSection(ExtensibilityGlobals) = postSolution
		SolutionGuid = {67584305-0A4F-439D-93E9-9CD899CE5B87}
	EndGlobalSection
EndGlobal
